
Microsoft Visual Studio Solution File, Format Version 12.00
# Visual Studio 15
VisualStudioVersion = 15.0.28307.1062
MinimumVisualStudioVersion = 10.0.40219.1
Project("{FAE04EC0-301F-11D3-BF4B-00C04F79EFBC}") = "WPFIntro1", "WPFIntro1\WPFIntro1.csproj", "{639EECE5-B51C-4ADA-9D83-7DBE0B30B7C0}"
EndProject
Global
	GlobalSection(SolutionConfigurationPlatforms) = preSolution
		Debug|Any CPU = Debug|Any CPU
		Release|Any CPU = Release|Any CPU
	EndGlobalSection
	GlobalSection(ProjectConfigurationPlatforms) = postSolution
		{639EECE5-B51C-4ADA-9D83-7DBE0B30B7C0}.Debug|Any CPU.ActiveCfg = Debug|Any CPU
		{639EECE5-B51C-4ADA-9D83-7DBE0B30B7C0}.Debug|Any CPU.Build.0 = Debug|Any CPU
		{639EECE5-B51C-4ADA-9D83-7DBE0B30B7C0}.Release|Any CPU.ActiveCfg = Release|Any CPU
		{639EECE5-B51C-4ADA-9D83-7DBE0B30B7C0}.Release|Any CPU.Build.0 = Release|Any CPU
	EndGlobalSection
	GlobalSection(SolutionProperties) = preSolution
		HideSolutionNode = FALSE
	EndGlobalSection
	GlobalSection(ExtensibilityGlobals) = postSolution
		SolutionGuid = {63F56324-D346-41F1-80E2-37B2EB5F99CB}
	EndGlobalSection
EndGlobal
